
Microsoft Visual Studio Solution File, Format Version 12.00
Project("{FAE04EC0-301F-11D3-BF4B-00C04F79EFBC}") = "ShipsGame", "ShipsGame\ShipsGame.csproj", "{27812E16-4DFB-420F-84EA-42F3395070C2}"
EndProject
Project("{FAE04EC0-301F-11D3-BF4B-00C04F79EFBC}") = "ShipsGame.Tests", "ShipsGame.Tests\ShipsGame.Tests.csproj", "{6952F819-2D90-4263-AEAF-C7D235C7A586}"
EndProject
Global
	GlobalSection(SolutionConfigurationPlatforms) = preSolution
		Debug|Any CPU = Debug|Any CPU
		Release|Any CPU = Release|Any CPU
	EndGlobalSection
	GlobalSection(ProjectConfigurationPlatforms) = postSolution
		{27812E16-4DFB-420F-84EA-42F3395070C2}.Debug|Any CPU.ActiveCfg = Debug|Any CPU
		{27812E16-4DFB-420F-84EA-42F3395070C2}.Debug|Any CPU.Build.0 = Debug|Any CPU
		{27812E16-4DFB-420F-84EA-42F3395070C2}.Release|Any CPU.ActiveCfg = Release|Any CPU
		{27812E16-4DFB-420F-84EA-42F3395070C2}.Release|Any CPU.Build.0 = Release|Any CPU
		{6952F819-2D90-4263-AEAF-C7D235C7A586}.Debug|Any CPU.ActiveCfg = Debug|Any CPU
		{6952F819-2D90-4263-AEAF-C7D235C7A586}.Debug|Any CPU.Build.0 = Debug|Any CPU
		{6952F819-2D90-4263-AEAF-C7D235C7A586}.Release|Any CPU.ActiveCfg = Release|Any CPU
		{6952F819-2D90-4263-AEAF-C7D235C7A586}.Release|Any CPU.Build.0 = Release|Any CPU
	EndGlobalSection
EndGlobal
